// !$*UTF8*$!
{
	archiveVersion = 1;
	classes = {
	};
	objectVersion = 50;
	objects = {

/* Begin PBXBuildFile section */
		D9D6D4642263BC090045B132 /* AppDelegate.swift in Sources */ = {isa = PBXBuildFile; fileRef = D9D6D4632263BC090045B132 /* AppDelegate.swift */; };
		D9D6D4662263BC090045B132 /* MealViewController.swift in Sources */ = {isa = PBXBuildFile; fileRef = D9D6D4652263BC090045B132 /* MealViewController.swift */; };
		D9D6D4692263BC090045B132 /* Main.storyboard in Resources */ = {isa = PBXBuildFile; fileRef = D9D6D4672263BC090045B132 /* Main.storyboard */; };
		D9D6D46B2263BC0A0045B132 /* Assets.xcassets in Resources */ = {isa = PBXBuildFile; fileRef = D9D6D46A2263BC0A0045B132 /* Assets.xcassets */; };
		D9D6D46E2263BC0A0045B132 /* LaunchScreen.storyboard in Resources */ = {isa = PBXBuildFile; fileRef = D9D6D46C2263BC0A0045B132 /* LaunchScreen.storyboard */; };
		D9F5B5272267F4BF007D931E /* RatingControl.swift in Sources */ = {isa = PBXBuildFile; fileRef = D9F5B5262267F4BF007D931E /* RatingControl.swift */; };
		D9F5B529226D3EEC007D931E /* Meal.swift in Sources */ = {isa = PBXBuildFile; fileRef = D9F5B528226D3EEC007D931E /* Meal.swift */; };
		D9F5B531226D41D2007D931E /* FoodTrackerTests.swift in Sources */ = {isa = PBXBuildFile; fileRef = D9F5B530226D41D2007D931E /* FoodTrackerTests.swift */; };
		D9F5B53922725AC9007D931E /* MealTableViewCell.swift in Sources */ = {isa = PBXBuildFile; fileRef = D9F5B53822725AC9007D931E /* MealTableViewCell.swift */; };
		D9F5B53B227263B5007D931E /* MealTableViewController.swift in Sources */ = {isa = PBXBuildFile; fileRef = D9F5B53A227263B5007D931E /* MealTableViewController.swift */; };
/* End PBXBuildFile section */

/* Begin PBXContainerItemProxy section */
		D9F5B533226D41D2007D931E /* PBXContainerItemProxy */ = {
			isa = PBXContainerItemProxy;
			containerPortal = D9D6D4582263BC090045B132 /* Project object */;
			proxyType = 1;
			remoteGlobalIDString = D9D6D45F2263BC090045B132;
			remoteInfo = FoodTracker;
		};
/* End PBXContainerItemProxy section */

/* Begin PBXFileReference section */
		D9D6D4602263BC090045B132 /* FoodTracker.app */ = {isa = PBXFileReference; explicitFileType = wrapper.application; includeInIndex = 0; path = FoodTracker.app; sourceTree = BUILT_PRODUCTS_DIR; };
		D9D6D4632263BC090045B132 /* AppDelegate.swift */ = {isa = PBXFileReference; lastKnownFileType = sourcecode.swift; path = AppDelegate.swift; sourceTree = "<group>"; };
		D9D6D4652263BC090045B132 /* MealViewController.swift */ = {isa = PBXFileReference; lastKnownFileType = sourcecode.swift; path = MealViewController.swift; sourceTree = "<group>"; };
		D9D6D4682263BC090045B132 /* Base */ = {isa = PBXFileReference; lastKnownFileType = file.storyboard; name = Base; path = Base.lproj/Main.storyboard; sourceTree = "<group>"; };
		D9D6D46A2263BC0A0045B132 /* Assets.xcassets */ = {isa = PBXFileReference; lastKnownFileType = folder.assetcatalog; path = Assets.xcassets; sourceTree = "<group>"; };
		D9D6D46D2263BC0A0045B132 /* Base */ = {isa = PBXFileReference; lastKnownFileType = file.storyboard; name = Base; path = Base.lproj/LaunchScreen.storyboard; sourceTree = "<group>"; };
		D9D6D46F2263BC0A0045B132 /* Info.plist */ = {isa = PBXFileReference; lastKnownFileType = text.plist.xml; path = Info.plist; sourceTree = "<group>"; };
		D9F5B5262267F4BF007D931E /* RatingControl.swift */ = {isa = PBXFileReference; lastKnownFileType = sourcecode.swift; path = RatingControl.swift; sourceTree = "<group>"; };
		D9F5B528226D3EEC007D931E /* Meal.swift */ = {isa = PBXFileReference; lastKnownFileType = sourcecode.swift; path = Meal.swift; sourceTree = "<group>"; };
		D9F5B52E226D41D2007D931E /* FoodTrackerTests.xctest */ = {isa = PBXFileReference; explicitFileType = wrapper.cfbundle; includeInIndex = 0; path = FoodTrackerTests.xctest; sourceTree = BUILT_PRODUCTS_DIR; };
		D9F5B530226D41D2007D931E /* FoodTrackerTests.swift */ = {isa = PBXFileReference; lastKnownFileType = sourcecode.swift; path = FoodTrackerTests.swift; sourceTree = "<group>"; };
		D9F5B532226D41D2007D931E /* Info.plist */ = {isa = PBXFileReference; lastKnownFileType = text.plist.xml; path = Info.plist; sourceTree = "<group>"; };
		D9F5B53822725AC9007D931E /* MealTableViewCell.swift */ = {isa = PBXFileReference; lastKnownFileType = sourcecode.swift; path = MealTableViewCell.swift; sourceTree = "<group>"; };
		D9F5B53A227263B5007D931E /* MealTableViewController.swift */ = {isa = PBXFileReference; lastKnownFileType = sourcecode.swift; path = MealTableViewController.swift; sourceTree = "<group>"; };
/* End PBXFileReference section */

/* Begin PBXFrameworksBuildPhase section */
		D9D6D45D2263BC090045B132 /* Frameworks */ = {
			isa = PBXFrameworksBuildPhase;
			buildActionMask = 2147483647;
			files = (
			);
			runOnlyForDeploymentPostprocessing = 0;
		};
		D9F5B52B226D41D2007D931E /* Frameworks */ = {
			isa = PBXFrameworksBuildPhase;
			buildActionMask = 2147483647;
			files = (
			);
			runOnlyForDeploymentPostprocessing = 0;
		};
/* End PBXFrameworksBuildPhase section */

/* Begin PBXGroup section */
		D9D6D4572263BC090045B132 = {
			isa = PBXGroup;
			children = (
				D9D6D4622263BC090045B132 /* FoodTracker */,
				D9F5B52F226D41D2007D931E /* FoodTrackerTests */,
				D9D6D4612263BC090045B132 /* Products */,
			);
			sourceTree = "<group>";
		};
		D9D6D4612263BC090045B132 /* Products */ = {
			isa = PBXGroup;
			children = (
				D9D6D4602263BC090045B132 /* FoodTracker.app */,
				D9F5B52E226D41D2007D931E /* FoodTrackerTests.xctest */,
			);
			name = Products;
			sourceTree = "<group>";
		};
		D9D6D4622263BC090045B132 /* FoodTracker */ = {
			isa = PBXGroup;
			children = (
				D9D6D4632263BC090045B132 /* AppDelegate.swift */,
				D9D6D4652263BC090045B132 /* MealViewController.swift */,
				D9F5B5262267F4BF007D931E /* RatingControl.swift */,
				D9F5B53A227263B5007D931E /* MealTableViewController.swift */,
				D9F5B53822725AC9007D931E /* MealTableViewCell.swift */,
				D9F5B528226D3EEC007D931E /* Meal.swift */,
				D9D6D4672263BC090045B132 /* Main.storyboard */,
				D9D6D46A2263BC0A0045B132 /* Assets.xcassets */,
				D9D6D46C2263BC0A0045B132 /* LaunchScreen.storyboard */,
				D9D6D46F2263BC0A0045B132 /* Info.plist */,
			);
			path = FoodTracker;
			sourceTree = "<group>";
		};
		D9F5B52F226D41D2007D931E /* FoodTrackerTests */ = {
			isa = PBXGroup;
			children = (
				D9F5B530226D41D2007D931E /* FoodTrackerTests.swift */,
				D9F5B532226D41D2007D931E /* Info.plist */,
			);
			path = FoodTrackerTests;
			sourceTree = "<group>";
		};
/* End PBXGroup section */

/* Begin PBXNativeTarget section */
		D9D6D45F2263BC090045B132 /* FoodTracker */ = {
			isa = PBXNativeTarget;
			buildConfigurationList = D9D6D4722263BC0A0045B132 /* Build configuration list for PBXNativeTarget "FoodTracker" */;
			buildPhases = (
				D9D6D45C2263BC090045B132 /* Sources */,
				D9D6D45D2263BC090045B132 /* Frameworks */,
				D9D6D45E2263BC090045B132 /* Resources */,
			);
			buildRules = (
			);
			dependencies = (
			);
			name = FoodTracker;
			productName = FoodTracker;
			productReference = D9D6D4602263BC090045B132 /* FoodTracker.app */;
			productType = "com.apple.product-type.application";
		};
		D9F5B52D226D41D2007D931E /* FoodTrackerTests */ = {
			isa = PBXNativeTarget;
			buildConfigurationList = D9F5B535226D41D2007D931E /* Build configuration list for PBXNativeTarget "FoodTrackerTests" */;
			buildPhases = (
				D9F5B52A226D41D2007D931E /* Sources */,
				D9F5B52B226D41D2007D931E /* Frameworks */,
				D9F5B52C226D41D2007D931E /* Resources */,
			);
			buildRules = (
			);
			dependencies = (
				D9F5B534226D41D2007D931E /* PBXTargetDependency */,
			);
			name = FoodTrackerTests;
			productName = FoodTrackerTests;
			productReference = D9F5B52E226D41D2007D931E /* FoodTrackerTests.xctest */;
			productType = "com.apple.product-type.bundle.unit-test";
		};
/* End PBXNativeTarget section */

/* Begin PBXProject section */
		D9D6D4582263BC090045B132 /* Project object */ = {
			isa = PBXProject;
			attributes = {
				LastSwiftUpdateCheck = 1010;
				LastUpgradeCheck = 1010;
				ORGANIZATIONNAME = HaroldDavidson;
				TargetAttributes = {
					D9D6D45F2263BC090045B132 = {
						CreatedOnToolsVersion = 10.1;
					};
					D9F5B52D226D41D2007D931E = {
						CreatedOnToolsVersion = 10.1;
						TestTargetID = D9D6D45F2263BC090045B132;
					};
				};
			};
			buildConfigurationList = D9D6D45B2263BC090045B132 /* Build configuration list for PBXProject "FoodTracker" */;
			compatibilityVersion = "Xcode 9.3";
			developmentRegion = en;
			hasScannedForEncodings = 0;
			knownRegions = (
				en,
				Base,
			);
			mainGroup = D9D6D4572263BC090045B132;
			productRefGroup = D9D6D4612263BC090045B132 /* Products */;
			projectDirPath = "";
			projectRoot = "";
			targets = (
				D9D6D45F2263BC090045B132 /* FoodTracker */,
				D9F5B52D226D41D2007D931E /* FoodTrackerTests */,
			);
		};
/* End PBXProject section */

/* Begin PBXResourcesBuildPhase section */
		D9D6D45E2263BC090045B132 /* Resources */ = {
			isa = PBXResourcesBuildPhase;
			buildActionMask = 2147483647;
			files = (
				D9D6D46E2263BC0A0045B132 /* LaunchScreen.storyboard in Resources */,
				D9D6D46B2263BC0A0045B132 /* Assets.xcassets in Resources */,
				D9D6D4692263BC090045B132 /* Main.storyboard in Resources */,
			);
			runOnlyForDeploymentPostprocessing = 0;
		};
		D9F5B52C226D41D2007D931E /* Resources */ = {
			isa = PBXResourcesBuildPhase;
			buildActionMask = 2147483647;
			files = (
			);
			runOnlyForDeploymentPostprocessing = 0;
		};
/* End PBXResourcesBuildPhase section */

/* Begin PBXSourcesBuildPhase section */
		D9D6D45C2263BC090045B132 /* Sources */ = {
			isa = PBXSourcesBuildPhase;
			buildActionMask = 2147483647;
			files = (
				D9F5B529226D3EEC007D931E /* Meal.swift in Sources */,
				D9D6D4662263BC090045B132 /* MealViewController.swift in Sources */,
				D9F5B5272267F4BF007D931E /* RatingControl.swift in Sources */,
				D9D6D4642263BC090045B132 /* AppDelegate.swift in Sources */,
				D9F5B53B227263B5007D931E /* MealTableViewController.swift in Sources */,
				D9F5B53922725AC9007D931E /* MealTableViewCell.swift in Sources */,
			);
			runOnlyForDeploymentPostprocessing = 0;
		};
		D9F5B52A226D41D2007D931E /* Sources */ = {
			isa = PBXSourcesBuildPhase;
			buildActionMask = 2147483647;
			files = (
				D9F5B531226D41D2007D931E /* FoodTrackerTests.swift in Sources */,
			);
			runOnlyForDeploymentPostprocessing = 0;
		};
/* End PBXSourcesBuildPhase section */

/* Begin PBXTargetDependency section */
		D9F5B534226D41D2007D931E /* PBXTargetDependency */ = {
			isa = PBXTargetDependency;
			target = D9D6D45F2263BC090045B132 /* FoodTracker */;
			targetProxy = D9F5B533226D41D2007D931E /* PBXContainerItemProxy */;
		};
/* End PBXTargetDependency section */

/* Begin PBXVariantGroup section */
		D9D6D4672263BC090045B132 /* Main.storyboard */ = {
			isa = PBXVariantGroup;
			children = (
				D9D6D4682263BC090045B132 /* Base */,
			);
			name = Main.storyboard;
			sourceTree = "<group>";
		};
		D9D6D46C2263BC0A0045B132 /* LaunchScreen.storyboard */ = {
			isa = PBXVariantGroup;
			children = (
				D9D6D46D2263BC0A0045B132 /* Base */,
			);
			name = LaunchScreen.storyboard;
			sourceTree = "<group>";
		};
/* End PBXVariantGroup section */

/* Begin XCBuildConfiguration section */
		D9D6D4702263BC0A0045B132 /* Debug */ = {
			isa = XCBuildConfiguration;
			buildSettings = {
				ALWAYS_SEARCH_USER_PATHS = NO;
				CLANG_ANALYZER_NONNULL = YES;
				CLANG_ANALYZER_NUMBER_OBJECT_CONVERSION = YES_AGGRESSIVE;
				CLANG_CXX_LANGUAGE_STANDARD = "gnu++14";
				CLANG_CXX_LIBRARY = "libc++";
				CLANG_ENABLE_MODULES = YES;
				CLANG_ENABLE_OBJC_ARC = YES;
				CLANG_ENABLE_OBJC_WEAK = YES;
				CLANG_WARN_BLOCK_CAPTURE_AUTORELEASING = YES;
				CLANG_WARN_BOOL_CONVERSION = YES;
				CLANG_WARN_COMMA = YES;
				CLANG_WARN_CONSTANT_CONVERSION = YES;
				CLANG_WARN_DEPRECATED_OBJC_IMPLEMENTATIONS = YES;
				CLANG_WARN_DIRECT_OBJC_ISA_USAGE = YES_ERROR;
				CLANG_WARN_DOCUMENTATION_COMMENTS = YES;
				CLANG_WARN_EMPTY_BODY = YES;
				CLANG_WARN_ENUM_CONVERSION = YES;
				CLANG_WARN_INFINITE_RECURSION = YES;
				CLANG_WARN_INT_CONVERSION = YES;
				CLANG_WARN_NON_LITERAL_NULL_CONVERSION = YES;
				CLANG_WARN_OBJC_IMPLICIT_RETAIN_SELF = YES;
				CLANG_WARN_OBJC_LITERAL_CONVERSION = YES;
				CLANG_WARN_OBJC_ROOT_CLASS = YES_ERROR;
				CLANG_WARN_RANGE_LOOP_ANALYSIS = YES;
				CLANG_WARN_STRICT_PROTOTYPES = YES;
				CLANG_WARN_SUSPICIOUS_MOVE = YES;
				CLANG_WARN_UNGUARDED_AVAILABILITY = YES_AGGRESSIVE;
				CLANG_WARN_UNREACHABLE_CODE = YES;
				CLANG_WARN__DUPLICATE_METHOD_MATCH = YES;
				CODE_SIGN_IDENTITY = "iPhone Developer";
				COPY_PHASE_STRIP = NO;
				DEBUG_INFORMATION_FORMAT = dwarf;
				ENABLE_STRICT_OBJC_MSGSEND = YES;
				ENABLE_TESTABILITY = YES;
				GCC_C_LANGUAGE_STANDARD = gnu11;
				GCC_DYNAMIC_NO_PIC = NO;
				GCC_NO_COMMON_BLOCKS = YES;
				GCC_OPTIMIZATION_LEVEL = 0;
				GCC_PREPROCESSOR_DEFINITIONS = (
					"DEBUG=1",
					"$(inherited)",
				);
				GCC_WARN_64_TO_32_BIT_CONVERSION = YES;
				GCC_WARN_ABOUT_RETURN_TYPE = YES_ERROR;
				GCC_WARN_UNDECLARED_SELECTOR = YES;
				GCC_WARN_UNINITIALIZED_AUTOS = YES_AGGRESSIVE;
				GCC_WARN_UNUSED_FUNCTION = YES;
				GCC_WARN_UNUSED_VARIABLE = YES;
				IPHONEOS_DEPLOYMENT_TARGET = 12.1;
				MTL_ENABLE_DEBUG_INFO = INCLUDE_SOURCE;
				MTL_FAST_MATH = YES;
				ONLY_ACTIVE_ARCH = YES;
				SDKROOT = iphoneos;
				SWIFT_ACTIVE_COMPILATION_CONDITIONS = DEBUG;
				SWIFT_OPTIMIZATION_LEVEL = "-Onone";
			};
			name = Debug;
		};
		D9D6D4712263BC0A0045B132 /* Release */ = {
			isa = XCBuildConfiguration;
			buildSettings = {
				ALWAYS_SEARCH_USER_PATHS = NO;
				CLANG_ANALYZER_NONNULL = YES;
				CLANG_ANALYZER_NUMBER_OBJECT_CONVERSION = YES_AGGRESSIVE;
				CLANG_CXX_LANGUAGE_STANDARD = "gnu++14";
				CLANG_CXX_LIBRARY = "libc++";
				CLANG_ENABLE_MODULES = YES;
				CLANG_ENABLE_OBJC_ARC = YES;
				CLANG_ENABLE_OBJC_WEAK = YES;
				CLANG_WARN_BLOCK_CAPTURE_AUTORELEASING = YES;
				CLANG_WARN_BOOL_CONVERSION = YES;
				CLANG_WARN_COMMA = YES;
				CLANG_WARN_CONSTANT_CONVERSION = YES;
				CLANG_WARN_DEPRECATED_OBJC_IMPLEMENTATIONS = YES;
				CLANG_WARN_DIRECT_OBJC_ISA_USAGE = YES_ERROR;
				CLANG_WARN_DOCUMENTATION_COMMENTS = YES;
				CLANG_WARN_EMPTY_BODY = YES;
				CLANG_WARN_ENUM_CONVERSION = YES;
				CLANG_WARN_INFINITE_RECURSION = YES;
				CLANG_WARN_INT_CONVERSION = YES;
				CLANG_WARN_NON_LITERAL_NULL_CONVERSION = YES;
				CLANG_WARN_OBJC_IMPLICIT_RETAIN_SELF = YES;
				CLANG_WARN_OBJC_LITERAL_CONVERSION = YES;
				CLANG_WARN_OBJC_ROOT_CLASS = YES_ERROR;
				CLANG_WARN_RANGE_LOOP_ANALYSIS = YES;
				CLANG_WARN_STRICT_PROTOTYPES = YES;
				CLANG_WARN_SUSPICIOUS_MOVE = YES;
				CLANG_WARN_UNGUARDED_AVAILABILITY = YES_AGGRESSIVE;
				CLANG_WARN_UNREACHABLE_CODE = YES;
				CLANG_WARN__DUPLICATE_METHOD_MATCH = YES;
				CODE_SIGN_IDENTITY = "iPhone Developer";
				COPY_PHASE_STRIP = NO;
				DEBUG_INFORMATION_FORMAT = "dwarf-with-dsym";
				ENABLE_NS_ASSERTIONS = NO;
				ENABLE_STRICT_OBJC_MSGSEND = YES;
				GCC_C_LANGUAGE_STANDARD = gnu11;
				GCC_NO_COMMON_BLOCKS = YES;
				GCC_WARN_64_TO_32_BIT_CONVERSION = YES;
				GCC_WARN_ABOUT_RETURN_TYPE = YES_ERROR;
				GCC_WARN_UNDECLARED_SELECTOR = YES;
				GCC_WARN_UNINITIALIZED_AUTOS = YES_AGGRESSIVE;
				GCC_WARN_UNUSED_FUNCTION = YES;
				GCC_WARN_UNUSED_VARIABLE = YES;
				IPHONEOS_DEPLOYMENT_TARGET = 12.1;
				MTL_ENABLE_DEBUG_INFO = NO;
				MTL_FAST_MATH = YES;
				SDKROOT = iphoneos;
				SWIFT_COMPILATION_MODE = wholemodule;
				SWIFT_OPTIMIZATION_LEVEL = "-O";
				VALIDATE_PRODUCT = YES;
			};
			name = Release;
		};
		D9D6D4732263BC0A0045B132 /* Debug */ = {
			isa = XCBuildConfiguration;
			buildSettings = {
				ASSETCATALOG_COMPILER_APPICON_NAME = AppIcon;
				CODE_SIGN_STYLE = Automatic;
				DEVELOPMENT_TEAM = 82G9R7QR7M;
				INFOPLIST_FILE = FoodTracker/Info.plist;
				LD_RUNPATH_SEARCH_PATHS = (
					"$(inherited)",
					"@executable_path/Frameworks",
				);
				PRODUCT_BUNDLE_IDENTIFIER = com.harolddavidson.FoodTracker;
				PRODUCT_NAME = "$(TARGET_NAME)";
				SWIFT_VERSION = 4.2;
				TARGETED_DEVICE_FAMILY = "1,2";
			};
			name = Debug;
		};
		D9D6D4742263BC0A0045B132 /* Release */ = {
			isa = XCBuildConfiguration;
			buildSettings = {
				ASSETCATALOG_COMPILER_APPICON_NAME = AppIcon;
				CODE_SIGN_STYLE = Automatic;
				DEVELOPMENT_TEAM = 82G9R7QR7M;
				INFOPLIST_FILE = FoodTracker/Info.plist;
				LD_RUNPATH_SEARCH_PATHS = (
					"$(inherited)",
					"@executable_path/Frameworks",
				);
				PRODUCT_BUNDLE_IDENTIFIER = com.harolddavidson.FoodTracker;
				PRODUCT_NAME = "$(TARGET_NAME)";
				SWIFT_VERSION = 4.2;
				TARGETED_DEVICE_FAMILY = "1,2";
			};
			name = Release;
		};
		D9F5B536226D41D2007D931E /* Debug */ = {
			isa = XCBuildConfiguration;
			buildSettings = {
				BUNDLE_LOADER = "$(TEST_HOST)";
				CODE_SIGN_STYLE = Automatic;
				INFOPLIST_FILE = FoodTrackerTests/Info.plist;
				LD_RUNPATH_SEARCH_PATHS = (
					"$(inherited)",
					"@executable_path/Frameworks",
					"@loader_path/Frameworks",
				);
				PRODUCT_BUNDLE_IDENTIFIER = com.harolddavidson.FoodTrackerTests;
				PRODUCT_NAME = "$(TARGET_NAME)";
				SWIFT_VERSION = 4.2;
				TARGETED_DEVICE_FAMILY = "1,2";
				TEST_HOST = "$(BUILT_PRODUCTS_DIR)/FoodTracker.app/FoodTracker";
			};
			name = Debug;
		};
		D9F5B537226D41D2007D931E /* Release */ = {
			isa = XCBuildConfiguration;
			buildSettings = {
				BUNDLE_LOADER = "$(TEST_HOST)";
				CODE_SIGN_STYLE = Automatic;
				INFOPLIST_FILE = FoodTrackerTests/Info.plist;
				LD_RUNPATH_SEARCH_PATHS = (
					"$(inherited)",
					"@executable_path/Frameworks",
					"@loader_path/Frameworks",
				);
				PRODUCT_BUNDLE_IDENTIFIER = com.harolddavidson.FoodTrackerTests;
				PRODUCT_NAME = "$(TARGET_NAME)";
				SWIFT_VERSION = 4.2;
				TARGETED_DEVICE_FAMILY = "1,2";
				TEST_HOST = "$(BUILT_PRODUCTS_DIR)/FoodTracker.app/FoodTracker";
			};
			name = Release;
		};
/* End XCBuildConfiguration section */

/* Begin XCConfigurationList section */
		D9D6D45B2263BC090045B132 /* Build configuration list for PBXProject "FoodTracker" */ = {
			isa = XCConfigurationList;
			buildConfigurations = (
				D9D6D4702263BC0A0045B132 /* Debug */,
				D9D6D4712263BC0A0045B132 /* Release */,
			);
			defaultConfigurationIsVisible = 0;
			defaultConfigurationName = Release;
		};
		D9D6D4722263BC0A0045B132 /* Build configuration list for PBXNativeTarget "FoodTracker" */ = {
			isa = XCConfigurationList;
			buildConfigurations = (
				D9D6D4732263BC0A0045B132 /* Debug */,
				D9D6D4742263BC0A0045B132 /* Release */,
			);
			defaultConfigurationIsVisible = 0;
			defaultConfigurationName = Release;
		};
		D9F5B535226D41D2007D931E /* Build configuration list for PBXNativeTarget "FoodTrackerTests" */ = {
			isa = XCConfigurationList;
			buildConfigurations = (
				D9F5B536226D41D2007D931E /* Debug */,
				D9F5B537226D41D2007D931E /* Release */,
			);
			defaultConfigurationIsVisible = 0;
			defaultConfigurationName = Release;
		};
/* End XCConfigurationList section */
	};
	rootObject = D9D6D4582263BC090045B132 /* Project object */;
}
